// !$*UTF8*$!
{
	archiveVersion = 1;
	classes = {
	};
	objectVersion = 77;
	objects = {

/* Begin PBXBuildFile section */
		9B2B34BC2FDBE0E1007C5476 /* AppDelegate.swift in Sources */ = {isa = PBXBuildFile; fileRef = 9B2B34BB2FDBE0E1007C5476 /* AppDelegate.swift */; };
		9B2B34C02FDBE0E1007C5476 /* Main.html in Resources */ = {isa = PBXBuildFile; fileRef = 9B2B34BE2FDBE0E1007C5476 /* Main.html */; };
		9B2B34C22FDBE0E1007C5476 /* Icon.png in Resources */ = {isa = PBXBuildFile; fileRef = 9B2B34C12FDBE0E1007C5476 /* Icon.png */; };
		9B2B34C42FDBE0E1007C5476 /* Style.css in Resources */ = {isa = PBXBuildFile; fileRef = 9B2B34C32FDBE0E1007C5476 /* Style.css */; };
		9B2B34C62FDBE0E1007C5476 /* Script.js in Resources */ = {isa = PBXBuildFile; fileRef = 9B2B34C52FDBE0E1007C5476 /* Script.js */; };
		9B2B34C82FDBE0E1007C5476 /* ViewController.swift in Sources */ = {isa = PBXBuildFile; fileRef = 9B2B34C72FDBE0E1007C5476 /* ViewController.swift */; };
		9B2B34CB2FDBE0E1007C5476 /* Main.storyboard in Resources */ = {isa = PBXBuildFile; fileRef = 9B2B34C92FDBE0E1007C5476 /* Main.storyboard */; };
		9B2B34CD2FDBE0E2007C5476 /* Assets.xcassets in Resources */ = {isa = PBXBuildFile; fileRef = 9B2B34CC2FDBE0E2007C5476 /* Assets.xcassets */; };
		9B2B34D42FDBE0E2007C5476 /* SpacedownDrop Extension.appex in Embed Foundation Extensions */ = {isa = PBXBuildFile; fileRef = 9B2B34D32FDBE0E2007C5476 /* SpacedownDrop Extension.appex */; settings = {ATTRIBUTES = (RemoveHeadersOnCopy, ); }; };
		9B2B34D92FDBE0E2007C5476 /* SafariWebExtensionHandler.swift in Sources */ = {isa = PBXBuildFile; fileRef = 9B2B34D82FDBE0E2007C5476 /* SafariWebExtensionHandler.swift */; };
		9B2B34EA2FDBE0E2007C5476 /* dropzone.js in Resources */ = {isa = PBXBuildFile; fileRef = 9B2B34E52FDBE0E2007C5476 /* dropzone.js */; };
		9B2B34EB2FDBE0E2007C5476 /* dropzone.html in Resources */ = {isa = PBXBuildFile; fileRef = 9B2B34E62FDBE0E2007C5476 /* dropzone.html */; };
		9B2B34EC2FDBE0E2007C5476 /* manifest.json in Resources */ = {isa = PBXBuildFile; fileRef = 9B2B34E72FDBE0E2007C5476 /* manifest.json */; };
		9B2B34ED2FDBE0E2007C5476 /* native-host in Resources */ = {isa = PBXBuildFile; fileRef = 9B2B34E82FDBE0E2007C5476 /* native-host */; };
		9B2B34EE2FDBE0E2007C5476 /* sw.js in Resources */ = {isa = PBXBuildFile; fileRef = 9B2B34E92FDBE0E2007C5476 /* sw.js */; };
/* End PBXBuildFile section */

/* Begin PBXContainerItemProxy section */
		9B2B34D52FDBE0E2007C5476 /* PBXContainerItemProxy */ = {
			isa = PBXContainerItemProxy;
			containerPortal = 9B2B34B02FDBE0E1007C5476 /* Project object */;
			proxyType = 1;
			remoteGlobalIDString = 9B2B34D22FDBE0E2007C5476;
			remoteInfo = "SpacedownDrop Extension";
		};
/* End PBXContainerItemProxy section */

/* Begin PBXCopyFilesBuildPhase section */
		9B2B34E02FDBE0E2007C5476 /* Embed Foundation Extensions */ = {
			isa = PBXCopyFilesBuildPhase;
			buildActionMask = 2147483647;
			dstPath = "";
			dstSubfolderSpec = 13;
			files = (
				9B2B34D42FDBE0E2007C5476 /* SpacedownDrop Extension.appex in Embed Foundation Extensions */,
			);
			name = "Embed Foundation Extensions";
			runOnlyForDeploymentPostprocessing = 0;
		};
/* End PBXCopyFilesBuildPhase section */

/* Begin PBXFileReference section */
		9B2B34B82FDBE0E1007C5476 /* SpacedownDrop.app */ = {isa = PBXFileReference; explicitFileType = wrapper.application; includeInIndex = 0; path = SpacedownDrop.app; sourceTree = BUILT_PRODUCTS_DIR; };
		9B2B34BB2FDBE0E1007C5476 /* AppDelegate.swift */ = {isa = PBXFileReference; lastKnownFileType = sourcecode.swift; path = AppDelegate.swift; sourceTree = "<group>"; };
		9B2B34BF2FDBE0E1007C5476 /* Base */ = {isa = PBXFileReference; lastKnownFileType = text.html; name = Base; path = Base.lproj/Main.html; sourceTree = "<group>"; };
		9B2B34C12FDBE0E1007C5476 /* Icon.png */ = {isa = PBXFileReference; lastKnownFileType = image.png; path = Icon.png; sourceTree = "<group>"; };
		9B2B34C32FDBE0E1007C5476 /* Style.css */ = {isa = PBXFileReference; lastKnownFileType = text.css; path = Style.css; sourceTree = "<group>"; };
		9B2B34C52FDBE0E1007C5476 /* Script.js */ = {isa = PBXFileReference; lastKnownFileType = sourcecode.javascript; path = Script.js; sourceTree = "<group>"; };
		9B2B34C72FDBE0E1007C5476 /* ViewController.swift */ = {isa = PBXFileReference; lastKnownFileType = sourcecode.swift; path = ViewController.swift; sourceTree = "<group>"; };
		9B2B34CA2FDBE0E1007C5476 /* Base */ = {isa = PBXFileReference; lastKnownFileType = file.storyboard; name = Base; path = Base.lproj/Main.storyboard; sourceTree = "<group>"; };
		9B2B34CC2FDBE0E2007C5476 /* Assets.xcassets */ = {isa = PBXFileReference; lastKnownFileType = folder.assetcatalog; path = Assets.xcassets; sourceTree = "<group>"; };
		9B2B34CE2FDBE0E2007C5476 /* Info.plist */ = {isa = PBXFileReference; lastKnownFileType = text.plist.xml; path = Info.plist; sourceTree = "<group>"; };
		9B2B34D32FDBE0E2007C5476 /* SpacedownDrop Extension.appex */ = {isa = PBXFileReference; explicitFileType = "wrapper.app-extension"; includeInIndex = 0; path = "SpacedownDrop Extension.appex"; sourceTree = BUILT_PRODUCTS_DIR; };
		9B2B34D82FDBE0E2007C5476 /* SafariWebExtensionHandler.swift */ = {isa = PBXFileReference; lastKnownFileType = sourcecode.swift; path = SafariWebExtensionHandler.swift; sourceTree = "<group>"; };
		9B2B34DA2FDBE0E2007C5476 /* Info.plist */ = {isa = PBXFileReference; lastKnownFileType = text.plist.xml; path = Info.plist; sourceTree = "<group>"; };
		9B2B34E52FDBE0E2007C5476 /* dropzone.js */ = {isa = PBXFileReference; lastKnownFileType = sourcecode.javascript; name = dropzone.js; path = Resources/dropzone.js; sourceTree = "<group>"; };
		9B2B34E62FDBE0E2007C5476 /* dropzone.html */ = {isa = PBXFileReference; lastKnownFileType = text.html; name = dropzone.html; path = Resources/dropzone.html; sourceTree = "<group>"; };
		9B2B34E72FDBE0E2007C5476 /* manifest.json */ = {isa = PBXFileReference; lastKnownFileType = text.json; name = manifest.json; path = Resources/manifest.json; sourceTree = "<group>"; };
		9B2B34E82FDBE0E2007C5476 /* native-host */ = {isa = PBXFileReference; lastKnownFileType = folder; name = "native-host"; path = "Resources/native-host"; sourceTree = "<group>"; };
		9B2B34E92FDBE0E2007C5476 /* sw.js */ = {isa = PBXFileReference; lastKnownFileType = sourcecode.javascript; name = sw.js; path = Resources/sw.js; sourceTree = "<group>"; };
/* End PBXFileReference section */

/* Begin PBXFrameworksBuildPhase section */
		9B2B34B52FDBE0E1007C5476 /* Frameworks */ = {
			isa = PBXFrameworksBuildPhase;
			buildActionMask = 2147483647;
			files = (
			);
			runOnlyForDeploymentPostprocessing = 0;
		};
		9B2B34D02FDBE0E2007C5476 /* Frameworks */ = {
			isa = PBXFrameworksBuildPhase;
			buildActionMask = 2147483647;
			files = (
			);
			runOnlyForDeploymentPostprocessing = 0;
		};
/* End PBXFrameworksBuildPhase section */

/* Begin PBXGroup section */
		9B2B34AF2FDBE0E1007C5476 = {
			isa = PBXGroup;
			children = (
				9B2B34BA2FDBE0E1007C5476 /* SpacedownDrop */,
				9B2B34D72FDBE0E2007C5476 /* SpacedownDrop Extension */,
				9B2B34B92FDBE0E1007C5476 /* Products */,
			);
			sourceTree = "<group>";
		};
		9B2B34B92FDBE0E1007C5476 /* Products */ = {
			isa = PBXGroup;
			children = (
				9B2B34B82FDBE0E1007C5476 /* SpacedownDrop.app */,
				9B2B34D32FDBE0E2007C5476 /* SpacedownDrop Extension.appex */,
			);
			name = Products;
			sourceTree = "<group>";
		};
		9B2B34BA2FDBE0E1007C5476 /* SpacedownDrop */ = {
			isa = PBXGroup;
			children = (
				9B2B34BB2FDBE0E1007C5476 /* AppDelegate.swift */,
				9B2B34C72FDBE0E1007C5476 /* ViewController.swift */,
				9B2B34C92FDBE0E1007C5476 /* Main.storyboard */,
				9B2B34CC2FDBE0E2007C5476 /* Assets.xcassets */,
				9B2B34CE2FDBE0E2007C5476 /* Info.plist */,
				9B2B34BD2FDBE0E1007C5476 /* Resources */,
			);
			path = SpacedownDrop;
			sourceTree = "<group>";
		};
		9B2B34BD2FDBE0E1007C5476 /* Resources */ = {
			isa = PBXGroup;
			children = (
				9B2B34BE2FDBE0E1007C5476 /* Main.html */,
				9B2B34C12FDBE0E1007C5476 /* Icon.png */,
				9B2B34C32FDBE0E1007C5476 /* Style.css */,
				9B2B34C52FDBE0E1007C5476 /* Script.js */,
			);
			path = Resources;
			sourceTree = "<group>";
		};
		9B2B34D72FDBE0E2007C5476 /* SpacedownDrop Extension */ = {
			isa = PBXGroup;
			children = (
				9B2B34E42FDBE0E2007C5476 /* Resources */,
				9B2B34D82FDBE0E2007C5476 /* SafariWebExtensionHandler.swift */,
				9B2B34DA2FDBE0E2007C5476 /* Info.plist */,
			);
			path = "SpacedownDrop Extension";
			sourceTree = "<group>";
		};
		9B2B34E42FDBE0E2007C5476 /* Resources */ = {
			isa = PBXGroup;
			children = (
				9B2B34E52FDBE0E2007C5476 /* dropzone.js */,
				9B2B34E62FDBE0E2007C5476 /* dropzone.html */,
				9B2B34E72FDBE0E2007C5476 /* manifest.json */,
				9B2B34E82FDBE0E2007C5476 /* native-host */,
				9B2B34E92FDBE0E2007C5476 /* sw.js */,
			);
			name = Resources;
			path = "SpacedownDrop Extension";
			sourceTree = SOURCE_ROOT;
		};
/* End PBXGroup section */

/* Begin PBXNativeTarget section */
		9B2B34B72FDBE0E1007C5476 /* SpacedownDrop */ = {
			isa = PBXNativeTarget;
			buildConfigurationList = 9B2B34E12FDBE0E2007C5476 /* Build configuration list for PBXNativeTarget "SpacedownDrop" */;
			buildPhases = (
				9B2B34B42FDBE0E1007C5476 /* Sources */,
				9B2B34B52FDBE0E1007C5476 /* Frameworks */,
				9B2B34B62FDBE0E1007C5476 /* Resources */,
				9B2B34E02FDBE0E2007C5476 /* Embed Foundation Extensions */,
			);
			buildRules = (
			);
			dependencies = (
				9B2B34D62FDBE0E2007C5476 /* PBXTargetDependency */,
			);
			name = SpacedownDrop;
			packageProductDependencies = (
			);
			productName = SpacedownDrop;
			productReference = 9B2B34B82FDBE0E1007C5476 /* SpacedownDrop.app */;
			productType = "com.apple.product-type.application";
		};
		9B2B34D22FDBE0E2007C5476 /* SpacedownDrop Extension */ = {
			isa = PBXNativeTarget;
			buildConfigurationList = 9B2B34DD2FDBE0E2007C5476 /* Build configuration list for PBXNativeTarget "SpacedownDrop Extension" */;
			buildPhases = (
				9B2B34CF2FDBE0E2007C5476 /* Sources */,
				9B2B34D02FDBE0E2007C5476 /* Frameworks */,
				9B2B34D12FDBE0E2007C5476 /* Resources */,
			);
			buildRules = (
			);
			dependencies = (
			);
			name = "SpacedownDrop Extension";
			packageProductDependencies = (
			);
			productName = "SpacedownDrop Extension";
			productReference = 9B2B34D32FDBE0E2007C5476 /* SpacedownDrop Extension.appex */;
			productType = "com.apple.product-type.app-extension";
		};
/* End PBXNativeTarget section */

/* Begin PBXProject section */
		9B2B34B02FDBE0E1007C5476 /* Project object */ = {
			isa = PBXProject;
			attributes = {
				BuildIndependentTargetsInParallel = 1;
				LastSwiftUpdateCheck = 2650;
				LastUpgradeCheck = 2650;
				TargetAttributes = {
					9B2B34B72FDBE0E1007C5476 = {
						CreatedOnToolsVersion = 26.5;
					};
					9B2B34D22FDBE0E2007C5476 = {
						CreatedOnToolsVersion = 26.5;
					};
				};
			};
			buildConfigurationList = 9B2B34B32FDBE0E1007C5476 /* Build configuration list for PBXProject "SpacedownDrop" */;
			developmentRegion = en;
			hasScannedForEncodings = 0;
			knownRegions = (
				en,
				Base,
			);
			mainGroup = 9B2B34AF2FDBE0E1007C5476;
			minimizedProjectReferenceProxies = 1;
			preferredProjectObjectVersion = 77;
			productRefGroup = 9B2B34B92FDBE0E1007C5476 /* Products */;
			projectDirPath = "";
			projectRoot = "";
			targets = (
				9B2B34B72FDBE0E1007C5476 /* SpacedownDrop */,
				9B2B34D22FDBE0E2007C5476 /* SpacedownDrop Extension */,
			);
		};
/* End PBXProject section */

/* Begin PBXResourcesBuildPhase section */
		9B2B34B62FDBE0E1007C5476 /* Resources */ = {
			isa = PBXResourcesBuildPhase;
			buildActionMask = 2147483647;
			files = (
				9B2B34C22FDBE0E1007C5476 /* Icon.png in Resources */,
				9B2B34CB2FDBE0E1007C5476 /* Main.storyboard in Resources */,
				9B2B34C62FDBE0E1007C5476 /* Script.js in Resources */,
				9B2B34C02FDBE0E1007C5476 /* Main.html in Resources */,
				9B2B34CD2FDBE0E2007C5476 /* Assets.xcassets in Resources */,
				9B2B34C42FDBE0E1007C5476 /* Style.css in Resources */,
			);
			runOnlyForDeploymentPostprocessing = 0;
		};
		9B2B34D12FDBE0E2007C5476 /* Resources */ = {
			isa = PBXResourcesBuildPhase;
			buildActionMask = 2147483647;
			files = (
				9B2B34EA2FDBE0E2007C5476 /* dropzone.js in Resources */,
				9B2B34ED2FDBE0E2007C5476 /* native-host in Resources */,
				9B2B34EC2FDBE0E2007C5476 /* manifest.json in Resources */,
				9B2B34EB2FDBE0E2007C5476 /* dropzone.html in Resources */,
				9B2B34EE2FDBE0E2007C5476 /* sw.js in Resources */,
			);
			runOnlyForDeploymentPostprocessing = 0;
		};
/* End PBXResourcesBuildPhase section */

/* Begin PBXSourcesBuildPhase section */
		9B2B34B42FDBE0E1007C5476 /* Sources */ = {
			isa = PBXSourcesBuildPhase;
			buildActionMask = 2147483647;
			files = (
				9B2B34C82FDBE0E1007C5476 /* ViewController.swift in Sources */,
				9B2B34BC2FDBE0E1007C5476 /* AppDelegate.swift in Sources */,
			);
			runOnlyForDeploymentPostprocessing = 0;
		};
		9B2B34CF2FDBE0E2007C5476 /* Sources */ = {
			isa = PBXSourcesBuildPhase;
			buildActionMask = 2147483647;
			files = (
				9B2B34D92FDBE0E2007C5476 /* SafariWebExtensionHandler.swift in Sources */,
			);
			runOnlyForDeploymentPostprocessing = 0;
		};
/* End PBXSourcesBuildPhase section */

/* Begin PBXTargetDependency section */
		9B2B34D62FDBE0E2007C5476 /* PBXTargetDependency */ = {
			isa = PBXTargetDependency;
			target = 9B2B34D22FDBE0E2007C5476 /* SpacedownDrop Extension */;
			targetProxy = 9B2B34D52FDBE0E2007C5476 /* PBXContainerItemProxy */;
		};
/* End PBXTargetDependency section */

/* Begin PBXVariantGroup section */
		9B2B34BE2FDBE0E1007C5476 /* Main.html */ = {
			isa = PBXVariantGroup;
			children = (
				9B2B34BF2FDBE0E1007C5476 /* Base */,
			);
			name = Main.html;
			sourceTree = "<group>";
		};
		9B2B34C92FDBE0E1007C5476 /* Main.storyboard */ = {
			isa = PBXVariantGroup;
			children = (
				9B2B34CA2FDBE0E1007C5476 /* Base */,
			);
			name = Main.storyboard;
			sourceTree = "<group>";
		};
/* End PBXVariantGroup section */

/* Begin XCBuildConfiguration section */
		9B2B34DB2FDBE0E2007C5476 /* Debug */ = {
			isa = XCBuildConfiguration;
			buildSettings = {
				ALWAYS_SEARCH_USER_PATHS = NO;
				ASSETCATALOG_COMPILER_GENERATE_SWIFT_ASSET_SYMBOL_EXTENSIONS = YES;
				CLANG_ANALYZER_NONNULL = YES;
				CLANG_ANALYZER_NUMBER_OBJECT_CONVERSION = YES_AGGRESSIVE;
				CLANG_CXX_LANGUAGE_STANDARD = "gnu++20";
				CLANG_ENABLE_MODULES = YES;
				CLANG_ENABLE_OBJC_ARC = YES;
				CLANG_ENABLE_OBJC_WEAK = YES;
				CLANG_WARN_BLOCK_CAPTURE_AUTORELEASING = YES;
				CLANG_WARN_BOOL_CONVERSION = YES;
				CLANG_WARN_COMMA = YES;
				CLANG_WARN_CONSTANT_CONVERSION = YES;
				CLANG_WARN_DEPRECATED_OBJC_IMPLEMENTATIONS = YES;
				CLANG_WARN_DIRECT_OBJC_ISA_USAGE = YES_ERROR;
				CLANG_WARN_DOCUMENTATION_COMMENTS = YES;
				CLANG_WARN_EMPTY_BODY = YES;
				CLANG_WARN_ENUM_CONVERSION = YES;
				CLANG_WARN_INFINITE_RECURSION = YES;
				CLANG_WARN_INT_CONVERSION = YES;
				CLANG_WARN_NON_LITERAL_NULL_CONVERSION = YES;
				CLANG_WARN_OBJC_IMPLICIT_RETAIN_SELF = YES;
				CLANG_WARN_OBJC_LITERAL_CONVERSION = YES;
				CLANG_WARN_OBJC_ROOT_CLASS = YES_ERROR;
				CLANG_WARN_QUOTED_INCLUDE_IN_FRAMEWORK_HEADER = YES;
				CLANG_WARN_RANGE_LOOP_ANALYSIS = YES;
				CLANG_WARN_STRICT_PROTOTYPES = YES;
				CLANG_WARN_SUSPICIOUS_MOVE = YES;
				CLANG_WARN_UNGUARDED_AVAILABILITY = YES_AGGRESSIVE;
				CLANG_WARN_UNREACHABLE_CODE = YES;
				CLANG_WARN__DUPLICATE_METHOD_MATCH = YES;
				COPY_PHASE_STRIP = NO;
				DEBUG_INFORMATION_FORMAT = dwarf;
				ENABLE_STRICT_OBJC_MSGSEND = YES;
				ENABLE_TESTABILITY = YES;
				ENABLE_USER_SCRIPT_SANDBOXING = YES;
				GCC_C_LANGUAGE_STANDARD = gnu17;
				GCC_DYNAMIC_NO_PIC = NO;
				GCC_NO_COMMON_BLOCKS = YES;
				GCC_OPTIMIZATION_LEVEL = 0;
				GCC_PREPROCESSOR_DEFINITIONS = (
					"DEBUG=1",
					"$(inherited)",
				);
				GCC_WARN_64_TO_32_BIT_CONVERSION = YES;
				GCC_WARN_ABOUT_RETURN_TYPE = YES_ERROR;
				GCC_WARN_UNDECLARED_SELECTOR = YES;
				GCC_WARN_UNINITIALIZED_AUTOS = YES_AGGRESSIVE;
				GCC_WARN_UNUSED_FUNCTION = YES;
				GCC_WARN_UNUSED_VARIABLE = YES;
				LOCALIZATION_PREFERS_STRING_CATALOGS = YES;
				MACOSX_DEPLOYMENT_TARGET = 13.0;
				MTL_ENABLE_DEBUG_INFO = INCLUDE_SOURCE;
				MTL_FAST_MATH = YES;
				ONLY_ACTIVE_ARCH = YES;
				SDKROOT = macosx;
				SWIFT_ACTIVE_COMPILATION_CONDITIONS = "DEBUG $(inherited)";
				SWIFT_OPTIMIZATION_LEVEL = "-Onone";
			};
			name = Debug;
		};
		9B2B34DC2FDBE0E2007C5476 /* Release */ = {
			isa = XCBuildConfiguration;
			buildSettings = {
				ALWAYS_SEARCH_USER_PATHS = NO;
				ASSETCATALOG_COMPILER_GENERATE_SWIFT_ASSET_SYMBOL_EXTENSIONS = YES;
				CLANG_ANALYZER_NONNULL = YES;
				CLANG_ANALYZER_NUMBER_OBJECT_CONVERSION = YES_AGGRESSIVE;
				CLANG_CXX_LANGUAGE_STANDARD = "gnu++20";
				CLANG_ENABLE_MODULES = YES;
				CLANG_ENABLE_OBJC_ARC = YES;
				CLANG_ENABLE_OBJC_WEAK = YES;
				CLANG_WARN_BLOCK_CAPTURE_AUTORELEASING = YES;
				CLANG_WARN_BOOL_CONVERSION = YES;
				CLANG_WARN_COMMA = YES;
				CLANG_WARN_CONSTANT_CONVERSION = YES;
				CLANG_WARN_DEPRECATED_OBJC_IMPLEMENTATIONS = YES;
				CLANG_WARN_DIRECT_OBJC_ISA_USAGE = YES_ERROR;
				CLANG_WARN_DOCUMENTATION_COMMENTS = YES;
				CLANG_WARN_EMPTY_BODY = YES;
				CLANG_WARN_ENUM_CONVERSION = YES;
				CLANG_WARN_INFINITE_RECURSION = YES;
				CLANG_WARN_INT_CONVERSION = YES;
				CLANG_WARN_NON_LITERAL_NULL_CONVERSION = YES;
				CLANG_WARN_OBJC_IMPLICIT_RETAIN_SELF = YES;
				CLANG_WARN_OBJC_LITERAL_CONVERSION = YES;
				CLANG_WARN_OBJC_ROOT_CLASS = YES_ERROR;
				CLANG_WARN_QUOTED_INCLUDE_IN_FRAMEWORK_HEADER = YES;
				CLANG_WARN_RANGE_LOOP_ANALYSIS = YES;
				CLANG_WARN_STRICT_PROTOTYPES = YES;
				CLANG_WARN_SUSPICIOUS_MOVE = YES;
				CLANG_WARN_UNGUARDED_AVAILABILITY = YES_AGGRESSIVE;
				CLANG_WARN_UNREACHABLE_CODE = YES;
				CLANG_WARN__DUPLICATE_METHOD_MATCH = YES;
				COPY_PHASE_STRIP = NO;
				DEBUG_INFORMATION_FORMAT = "dwarf-with-dsym";
				ENABLE_NS_ASSERTIONS = NO;
				ENABLE_STRICT_OBJC_MSGSEND = YES;
				ENABLE_USER_SCRIPT_SANDBOXING = YES;
				GCC_C_LANGUAGE_STANDARD = gnu17;
				GCC_NO_COMMON_BLOCKS = YES;
				GCC_WARN_64_TO_32_BIT_CONVERSION = YES;
				GCC_WARN_ABOUT_RETURN_TYPE = YES_ERROR;
				GCC_WARN_UNDECLARED_SELECTOR = YES;
				GCC_WARN_UNINITIALIZED_AUTOS = YES_AGGRESSIVE;
				GCC_WARN_UNUSED_FUNCTION = YES;
				GCC_WARN_UNUSED_VARIABLE = YES;
				LOCALIZATION_PREFERS_STRING_CATALOGS = YES;
				MACOSX_DEPLOYMENT_TARGET = 13.0;
				MTL_ENABLE_DEBUG_INFO = NO;
				MTL_FAST_MATH = YES;
				SDKROOT = macosx;
				SWIFT_COMPILATION_MODE = wholemodule;
			};
			name = Release;
		};
		9B2B34DE2FDBE0E2007C5476 /* Debug */ = {
			isa = XCBuildConfiguration;
			buildSettings = {
				CODE_SIGN_STYLE = Automatic;
				CURRENT_PROJECT_VERSION = 1;
				ENABLE_APP_SANDBOX = NO;
				ENABLE_HARDENED_RUNTIME = YES;
				ENABLE_USER_SELECTED_FILES = readonly;
				GENERATE_INFOPLIST_FILE = YES;
				INFOPLIST_FILE = "SpacedownDrop Extension/Info.plist";
				INFOPLIST_KEY_CFBundleDisplayName = "Spacedown";
				INFOPLIST_KEY_NSHumanReadableCopyright = "";
				LD_RUNPATH_SEARCH_PATHS = (
					"$(inherited)",
					"@executable_path/../Frameworks",
					"@executable_path/../../../../Frameworks",
				);
				MACOSX_DEPLOYMENT_TARGET = 12.0;
				MARKETING_VERSION = 1.0.2;
				OTHER_LDFLAGS = (
					"-framework",
					SafariServices,
				);
				PRODUCT_BUNDLE_IDENTIFIER = dfoundation.spacedown.Extension;
				PRODUCT_NAME = "$(TARGET_NAME)";
				SKIP_INSTALL = YES;
				STRING_CATALOG_GENERATE_SYMBOLS = YES;
				SWIFT_APPROACHABLE_CONCURRENCY = YES;
				SWIFT_EMIT_LOC_STRINGS = YES;
				SWIFT_UPCOMING_FEATURE_MEMBER_IMPORT_VISIBILITY = YES;
				SWIFT_VERSION = 5.0;
			};
			name = Debug;
		};
		9B2B34DF2FDBE0E2007C5476 /* Release */ = {
			isa = XCBuildConfiguration;
			buildSettings = {
				CODE_SIGN_STYLE = Automatic;
				CURRENT_PROJECT_VERSION = 1;
				ENABLE_APP_SANDBOX = NO;
				ENABLE_HARDENED_RUNTIME = YES;
				ENABLE_USER_SELECTED_FILES = readonly;
				GENERATE_INFOPLIST_FILE = YES;
				INFOPLIST_FILE = "SpacedownDrop Extension/Info.plist";
				INFOPLIST_KEY_CFBundleDisplayName = "Spacedown";
				INFOPLIST_KEY_NSHumanReadableCopyright = "";
				LD_RUNPATH_SEARCH_PATHS = (
					"$(inherited)",
					"@executable_path/../Frameworks",
					"@executable_path/../../../../Frameworks",
				);
				MACOSX_DEPLOYMENT_TARGET = 12.0;
				MARKETING_VERSION = 1.0.2;
				OTHER_LDFLAGS = (
					"-framework",
					SafariServices,
				);
				PRODUCT_BUNDLE_IDENTIFIER = dfoundation.spacedown.Extension;
				PRODUCT_NAME = "$(TARGET_NAME)";
				SKIP_INSTALL = YES;
				STRING_CATALOG_GENERATE_SYMBOLS = YES;
				SWIFT_APPROACHABLE_CONCURRENCY = YES;
				SWIFT_EMIT_LOC_STRINGS = YES;
				SWIFT_UPCOMING_FEATURE_MEMBER_IMPORT_VISIBILITY = YES;
				SWIFT_VERSION = 5.0;
			};
			name = Release;
		};
		9B2B34E22FDBE0E2007C5476 /* Debug */ = {
			isa = XCBuildConfiguration;
			buildSettings = {
				ASSETCATALOG_COMPILER_APPICON_NAME = AppIcon;
				ASSETCATALOG_COMPILER_GLOBAL_ACCENT_COLOR_NAME = AccentColor;
				CODE_SIGN_STYLE = Automatic;
				COMBINE_HIDPI_IMAGES = YES;
				CURRENT_PROJECT_VERSION = 1;
				ENABLE_APP_SANDBOX = NO;
				ENABLE_HARDENED_RUNTIME = YES;
				ENABLE_OUTGOING_NETWORK_CONNECTIONS = YES;
				ENABLE_USER_SELECTED_FILES = readonly;
				GENERATE_INFOPLIST_FILE = YES;
				INFOPLIST_FILE = SpacedownDrop/Info.plist;
				INFOPLIST_KEY_CFBundleDisplayName = "Spacedown";
				INFOPLIST_KEY_NSHumanReadableCopyright = "";
				INFOPLIST_KEY_NSMainStoryboardFile = Main;
				INFOPLIST_KEY_NSPrincipalClass = NSApplication;
				LD_RUNPATH_SEARCH_PATHS = (
					"$(inherited)",
					"@executable_path/../Frameworks",
				);
				MARKETING_VERSION = 1.0.2;
				OTHER_LDFLAGS = (
					"-framework",
					SafariServices,
					"-framework",
					WebKit,
				);
				PRODUCT_BUNDLE_IDENTIFIER = dfoundation.spacedown;
				PRODUCT_NAME = "Spacedown";
				REGISTER_APP_GROUPS = YES;
				STRING_CATALOG_GENERATE_SYMBOLS = YES;
				SWIFT_APPROACHABLE_CONCURRENCY = YES;
				SWIFT_DEFAULT_ACTOR_ISOLATION = MainActor;
				SWIFT_EMIT_LOC_STRINGS = YES;
				SWIFT_UPCOMING_FEATURE_MEMBER_IMPORT_VISIBILITY = YES;
				SWIFT_VERSION = 5.0;
			};
			name = Debug;
		};
		9B2B34E32FDBE0E2007C5476 /* Release */ = {
			isa = XCBuildConfiguration;
			buildSettings = {
				ASSETCATALOG_COMPILER_APPICON_NAME = AppIcon;
				ASSETCATALOG_COMPILER_GLOBAL_ACCENT_COLOR_NAME = AccentColor;
				CODE_SIGN_STYLE = Automatic;
				COMBINE_HIDPI_IMAGES = YES;
				CURRENT_PROJECT_VERSION = 1;
				ENABLE_APP_SANDBOX = NO;
				ENABLE_HARDENED_RUNTIME = YES;
				ENABLE_OUTGOING_NETWORK_CONNECTIONS = YES;
				ENABLE_USER_SELECTED_FILES = readonly;
				GENERATE_INFOPLIST_FILE = YES;
				INFOPLIST_FILE = SpacedownDrop/Info.plist;
				INFOPLIST_KEY_CFBundleDisplayName = "Spacedown";
				INFOPLIST_KEY_NSHumanReadableCopyright = "";
				INFOPLIST_KEY_NSMainStoryboardFile = Main;
				INFOPLIST_KEY_NSPrincipalClass = NSApplication;
				LD_RUNPATH_SEARCH_PATHS = (
					"$(inherited)",
					"@executable_path/../Frameworks",
				);
				MARKETING_VERSION = 1.0.2;
				OTHER_LDFLAGS = (
					"-framework",
					SafariServices,
					"-framework",
					WebKit,
				);
				PRODUCT_BUNDLE_IDENTIFIER = dfoundation.spacedown;
				PRODUCT_NAME = "Spacedown";
				REGISTER_APP_GROUPS = YES;
				STRING_CATALOG_GENERATE_SYMBOLS = YES;
				SWIFT_APPROACHABLE_CONCURRENCY = YES;
				SWIFT_DEFAULT_ACTOR_ISOLATION = MainActor;
				SWIFT_EMIT_LOC_STRINGS = YES;
				SWIFT_UPCOMING_FEATURE_MEMBER_IMPORT_VISIBILITY = YES;
				SWIFT_VERSION = 5.0;
			};
			name = Release;
		};
/* End XCBuildConfiguration section */

/* Begin XCConfigurationList section */
		9B2B34B32FDBE0E1007C5476 /* Build configuration list for PBXProject "SpacedownDrop" */ = {
			isa = XCConfigurationList;
			buildConfigurations = (
				9B2B34DB2FDBE0E2007C5476 /* Debug */,
				9B2B34DC2FDBE0E2007C5476 /* Release */,
			);
			defaultConfigurationIsVisible = 0;
			defaultConfigurationName = Release;
		};
		9B2B34DD2FDBE0E2007C5476 /* Build configuration list for PBXNativeTarget "SpacedownDrop Extension" */ = {
			isa = XCConfigurationList;
			buildConfigurations = (
				9B2B34DE2FDBE0E2007C5476 /* Debug */,
				9B2B34DF2FDBE0E2007C5476 /* Release */,
			);
			defaultConfigurationIsVisible = 0;
			defaultConfigurationName = Release;
		};
		9B2B34E12FDBE0E2007C5476 /* Build configuration list for PBXNativeTarget "SpacedownDrop" */ = {
			isa = XCConfigurationList;
			buildConfigurations = (
				9B2B34E22FDBE0E2007C5476 /* Debug */,
				9B2B34E32FDBE0E2007C5476 /* Release */,
			);
			defaultConfigurationIsVisible = 0;
			defaultConfigurationName = Release;
		};
/* End XCConfigurationList section */
	};
	rootObject = 9B2B34B02FDBE0E1007C5476 /* Project object */;
}
